
Microsoft Visual Studio Solution File, Format Version 12.00
# Visual Studio Version 17
VisualStudioVersion = 17.8.34330.188
MinimumVisualStudioVersion = 10.0.40219.1
Project("{FAE04EC0-301F-11D3-BF4B-00C04F79EFBC}") = "UserApp_WPF", "UserApp_WPF.csproj", "{4DD72C56-FF55-4D9B-910B-2D17DFB7407A}"
EndProject
Global
	GlobalSection(SolutionConfigurationPlatforms) = preSolution
		Debug|Any CPU = Debug|Any CPU
		Release|Any CPU = Release|Any CPU
	EndGlobalSection
	GlobalSection(ProjectConfigurationPlatforms) = postSolution
		{4DD72C56-FF55-4D9B-910B-2D17DFB7407A}.Debug|Any CPU.ActiveCfg = Debug|Any CPU
		{4DD72C56-FF55-4D9B-910B-2D17DFB7407A}.Debug|Any CPU.Build.0 = Debug|Any CPU
		{4DD72C56-FF55-4D9B-910B-2D17DFB7407A}.Release|Any CPU.ActiveCfg = Release|Any CPU
		{4DD72C56-FF55-4D9B-910B-2D17DFB7407A}.Release|Any CPU.Build.0 = Release|Any CPU
	EndGlobalSection
	GlobalSection(SolutionProperties) = preSolution
		HideSolutionNode = FALSE
	EndGlobalSection
	GlobalSection(ExtensibilityGlobals) = postSolution
		SolutionGuid = {588F23DD-3861-440F-9992-FEFB433E64FD}
	EndGlobalSection
EndGlobal
